Microsoft Visual Studio Solution File, Format Version 12.00
# Visual Studio Version 17
VisualStudioVersion = 17.5.2.0
MinimumVisualStudioVersion = 10.0.40219.1
Project("{FAE04EC0-301F-11D3-BF4B-00C04F79EFBC}") = "Allexgro", "Allexgro.csproj", "{454D6387-6644-63E4-CBDB-39AFCE042A7C}"
EndProject
Global
	GlobalSection(SolutionConfigurationPlatforms) = preSolution
		Debug|Any CPU = Debug|Any CPU
		Release|Any CPU = Release|Any CPU
	EndGlobalSection
	GlobalSection(ProjectConfigurationPlatforms) = postSolution
		{454D6387-6644-63E4-CBDB-39AFCE042A7C}.Debug|Any CPU.ActiveCfg = Debug|Any CPU
		{454D6387-6644-63E4-CBDB-39AFCE042A7C}.Debug|Any CPU.Build.0 = Debug|Any CPU
		{454D6387-6644-63E4-CBDB-39AFCE042A7C}.Release|Any CPU.ActiveCfg = Release|Any CPU
		{454D6387-6644-63E4-CBDB-39AFCE042A7C}.Release|Any CPU.Build.0 = Release|Any CPU
	EndGlobalSection
	GlobalSection(SolutionProperties) = preSolution
		HideSolutionNode = FALSE
	EndGlobalSection
	GlobalSection(ExtensibilityGlobals) = postSolution
		SolutionGuid = {C1B3F410-FF28-4F59-AEFB-B29FF45FBC91}
	EndGlobalSection
EndGlobal
